
Microsoft Visual Studio Solution File, Format Version 12.00
# Visual Studio Version 16
VisualStudioVersion = 16.0.30413.136
MinimumVisualStudioVersion = 10.0.40219.1
Project("{FAE04EC0-301F-11D3-BF4B-00C04F79EFBC}") = "ZooManager", "ZooManager\ZooManager.csproj", "{B0E40E7D-2535-4120-B89D-A2DABF9DA577}"
EndProject
Project("{FAE04EC0-301F-11D3-BF4B-00C04F79EFBC}") = "ZooManager.Tests", "ZooManager.Tests\ZooManager.Tests.csproj", "{F97C8510-8B44-4376-B0C8-5F67D2454844}"
EndProject
Global
	GlobalSection(SolutionConfigurationPlatforms) = preSolution
		Debug|Any CPU = Debug|Any CPU
		Release|Any CPU = Release|Any CPU
	EndGlobalSection
	GlobalSection(ProjectConfigurationPlatforms) = postSolution
		{B0E40E7D-2535-4120-B89D-A2DABF9DA577}.Debug|Any CPU.ActiveCfg = Debug|Any CPU
		{B0E40E7D-2535-4120-B89D-A2DABF9DA577}.Debug|Any CPU.Build.0 = Debug|Any CPU
		{B0E40E7D-2535-4120-B89D-A2DABF9DA577}.Release|Any CPU.ActiveCfg = Release|Any CPU
		{B0E40E7D-2535-4120-B89D-A2DABF9DA577}.Release|Any CPU.Build.0 = Release|Any CPU
		{F97C8510-8B44-4376-B0C8-5F67D2454844}.Debug|Any CPU.ActiveCfg = Debug|Any CPU
		{F97C8510-8B44-4376-B0C8-5F67D2454844}.Debug|Any CPU.Build.0 = Debug|Any CPU
		{F97C8510-8B44-4376-B0C8-5F67D2454844}.Release|Any CPU.ActiveCfg = Release|Any CPU
		{F97C8510-8B44-4376-B0C8-5F67D2454844}.Release|Any CPU.Build.0 = Release|Any CPU
	EndGlobalSection
	GlobalSection(SolutionProperties) = preSolution
		HideSolutionNode = FALSE
	EndGlobalSection
	GlobalSection(ExtensibilityGlobals) = postSolution
		SolutionGuid = {151A3A4D-1D6C-483B-9E9D-15BEEEE3F36F}
	EndGlobalSection
EndGlobal
